
Microsoft Visual Studio Solution File, Format Version 12.00
# Visual Studio Version 16
VisualStudioVersion = 16.0.31205.134
MinimumVisualStudioVersion = 10.0.40219.1
Project("{FAE04EC0-301F-11D3-BF4B-00C04F79EFBC}") = "FEHotKeyWPFSample", "FEHotKeyWPFSample\FEHotKeyWPFSample.csproj", "{47E8EE8E-F15E-447D-81BD-39F6B575B89C}"
EndProject
Project("{9A19103F-16F7-4668-BE54-9A1E7A4F7556}") = "FEHotKeyWPF", "..\FEHotKeyWPF\FEHotKeyWPF\FEHotKeyWPF.csproj", "{CBFC167C-805E-4EDE-8319-53F7987DC79B}"
EndProject
Global
	GlobalSection(SolutionConfigurationPlatforms) = preSolution
		Debug|Any CPU = Debug|Any CPU
		Release|Any CPU = Release|Any CPU
	EndGlobalSection
	GlobalSection(ProjectConfigurationPlatforms) = postSolution
		{47E8EE8E-F15E-447D-81BD-39F6B575B89C}.Debug|Any CPU.ActiveCfg = Debug|Any CPU
		{47E8EE8E-F15E-447D-81BD-39F6B575B89C}.Debug|Any CPU.Build.0 = Debug|Any CPU
		{47E8EE8E-F15E-447D-81BD-39F6B575B89C}.Release|Any CPU.ActiveCfg = Release|Any CPU
		{47E8EE8E-F15E-447D-81BD-39F6B575B89C}.Release|Any CPU.Build.0 = Release|Any CPU
		{CBFC167C-805E-4EDE-8319-53F7987DC79B}.Debug|Any CPU.ActiveCfg = Debug|Any CPU
		{CBFC167C-805E-4EDE-8319-53F7987DC79B}.Debug|Any CPU.Build.0 = Debug|Any CPU
		{CBFC167C-805E-4EDE-8319-53F7987DC79B}.Release|Any CPU.ActiveCfg = Release|Any CPU
		{CBFC167C-805E-4EDE-8319-53F7987DC79B}.Release|Any CPU.Build.0 = Release|Any CPU
	EndGlobalSection
	GlobalSection(SolutionProperties) = preSolution
		HideSolutionNode = FALSE
	EndGlobalSection
	GlobalSection(ExtensibilityGlobals) = postSolution
		SolutionGuid = {AA9BA0C8-E00B-453B-A208-84728E96C9C6}
	EndGlobalSection
EndGlobal
